{
  "requires": true,
  "lockfileVersion": 1,
  "dependencies": {
    "fkirmilligan-palindrome": {
      "version": "0.1.0",
      "resolved": "https://registry.npmjs.org/fkirmilligan-palindrome/-/fkirmilligan-palindrome-0.1.0.tgz",
      "integrity": "sha512-asXJdt/cE91ouV3/HdEEPS4EBbxWSpfudgASj643nUMtZnUo3duGGg8YLuDAvR886EfyzdoWqH9XloJD/E5csw=="
    }
  }
}
